# This file is automatically @generated by Poetry 1.8.3 and should not be changed by hand.

[[package]]
name = "pytube"
version = "15.0.0"
description = "Python 3 library for downloading YouTube Videos."
optional = false
python-versions = ">=3.7"
files = [
    {file = "pytube-15.0.0-py3-none-any.whl", hash = "sha256:07b9904749e213485780d7eb606e5e5b8e4341aa4dccf699160876da00e12d78"},
    {file = "pytube-15.0.0.tar.gz", hash = "sha256:076052efe76f390dfa24b1194ff821d4e86c17d41cb5562f3a276a8bcbfc9d1d"},
]

[[package]]
name = "pytubefix"
version = "8.12.1"
description = "Python3 library for downloading YouTube Videos."
optional = false
python-versions = ">=3.7"
files = [
    {file = "pytubefix-8.12.1-py3-none-any.whl", hash = "sha256:1101463302b87c9a7172632232740413366919c4456255f5a85d114d0c60e0ec"},
    {file = "pytubefix-8.12.1.tar.gz", hash = "sha256:64af1ce25543007b1eadf1e2e01363839b0e4dd3c62ca2ae008f46c5462a2c54"},
]

[metadata]
lock-version = "2.0"
python-versions = "^3.12"
content-hash = "3958b1ecd244b9c579768d9da0f68f5b8bfeff50148b21c625ddc7615e333d1f"
